
Microsoft Visual Studio Solution File, Format Version 12.00
# Visual Studio Version 16
VisualStudioVersion = 16.0.29728.190
MinimumVisualStudioVersion = 10.0.40219.1
Project("{E24C65DC-7377-472B-9ABA-BC803B73C61A}") = "FREEOA2.1", ".", "{0C8D5212-9B8A-4E5B-8B48-B0EC47B00487}"
	ProjectSection(WebsiteProperties) = preProject
		TargetFrameworkMoniker = ".NETFramework,Version%3Dv3.5"
		Debug.AspNetCompiler.VirtualPath = "/OA"
		Debug.AspNetCompiler.PhysicalPath = "E:\OA\"
		Debug.AspNetCompiler.TargetPath = "PrecompiledWeb\OA\"
		Debug.AspNetCompiler.Updateable = "true"
		Debug.AspNetCompiler.ForceOverwrite = "true"
		Debug.AspNetCompiler.FixedNames = "false"
		Debug.AspNetCompiler.Debug = "True"
		Release.AspNetCompiler.VirtualPath = "/OA"
		Release.AspNetCompiler.PhysicalPath = "E:\OA\"
		Release.AspNetCompiler.TargetPath = "PrecompiledWeb\OA\"
		Release.AspNetCompiler.Updateable = "true"
		Release.AspNetCompiler.ForceOverwrite = "true"
		Release.AspNetCompiler.FixedNames = "false"
		Release.AspNetCompiler.Debug = "False"
		VWDPort = "1204"
		VWDVirtualPath = "/"
	EndProjectSection
EndProject
Global
	GlobalSection(SolutionConfigurationPlatforms) = preSolution
		Debug|.NET = Debug|.NET
	EndGlobalSection
	GlobalSection(ProjectConfigurationPlatforms) = postSolution
		{0C8D5212-9B8A-4E5B-8B48-B0EC47B00487}.Debug|.NET.ActiveCfg = Debug|Any CPU
		{0C8D5212-9B8A-4E5B-8B48-B0EC47B00487}.Debug|.NET.Build.0 = Debug|Any CPU
	EndGlobalSection
	GlobalSection(SolutionProperties) = preSolution
		HideSolutionNode = FALSE
	EndGlobalSection
	GlobalSection(ExtensibilityGlobals) = postSolution
		SolutionGuid = {0CE887BB-5756-4DF9-8280-D6D7129AE41F}
	EndGlobalSection
EndGlobal
