
Microsoft Visual Studio Solution File, Format Version 10.00
# Visual Studio 2008
Project("{E24C65DC-7377-472B-9ABA-BC803B73C61A}") = "OA", ".", "{0C8D5212-9B8A-4E5B-8B48-B0EC47B00487}"
	ProjectSection(WebsiteProperties) = preProject
		TargetFramework = "3.5"
		Debug.AspNetCompiler.VirtualPath = "/OA"
		Debug.AspNetCompiler.PhysicalPath = "E:\OA\"
		Debug.AspNetCompiler.TargetPath = "PrecompiledWeb\OA\"
		Debug.AspNetCompiler.Updateable = "true"
		Debug.AspNetCompiler.ForceOverwrite = "true"
		Debug.AspNetCompiler.FixedNames = "false"
		Debug.AspNetCompiler.Debug = "True"
		Release.AspNetCompiler.VirtualPath = "/OA"
		Release.AspNetCompiler.PhysicalPath = "E:\OA\"
		Release.AspNetCompiler.TargetPath = "PrecompiledWeb\OA\"
		Release.AspNetCompiler.Updateable = "true"
		Release.AspNetCompiler.ForceOverwrite = "true"
		Release.AspNetCompiler.FixedNames = "false"
		Release.AspNetCompiler.Debug = "False"
		VWDPort = "1204"
		VWDVirtualPath = "/"
	EndProjectSection
EndProject
Global
	GlobalSection(SolutionConfigurationPlatforms) = preSolution
		Debug|.NET = Debug|.NET
	EndGlobalSection
	GlobalSection(ProjectConfigurationPlatforms) = postSolution
		{0C8D5212-9B8A-4E5B-8B48-B0EC47B00487}.Debug|.NET.ActiveCfg = Debug|.NET
		{0C8D5212-9B8A-4E5B-8B48-B0EC47B00487}.Debug|.NET.Build.0 = Debug|.NET
	EndGlobalSection
	GlobalSection(SolutionProperties) = preSolution
		HideSolutionNode = FALSE
	EndGlobalSection
EndGlobal
